
Microsoft Visual Studio Solution File, Format Version 12.00
# Visual Studio 2013
VisualStudioVersion = 12.0.40629.0
MinimumVisualStudioVersion = 10.0.40219.1
Project("{FAE04EC0-301F-11D3-BF4B-00C04F79EFBC}") = "PadariaExpress.Dominio", "PadariaExpress.Dominio\PadariaExpress.Dominio.csproj", "{1EA10A93-93FF-4D56-99AD-3578597D7DAA}"
EndProject
Project("{2150E333-8FDC-42A3-9474-1A3956D46DE8}") = "0 - Apresentacao", "0 - Apresentacao", "{5B2BD36B-E749-44B0-8528-70A338A9AC8A}"
EndProject
Project("{2150E333-8FDC-42A3-9474-1A3956D46DE8}") = "1 - Servico", "1 - Servico", "{865911D8-8704-439C-97B1-E7120CE6B9C9}"
EndProject
Project("{2150E333-8FDC-42A3-9474-1A3956D46DE8}") = "2 - Aplicacao", "2 - Aplicacao", "{66E1F205-FEF3-4ED7-87E2-2ECF73D6D70F}"
EndProject
Project("{2150E333-8FDC-42A3-9474-1A3956D46DE8}") = "3 - Dominio", "3 - Dominio", "{80F7CB6A-4325-48ED-89FA-B2F5D0A26E9F}"
EndProject
Project("{2150E333-8FDC-42A3-9474-1A3956D46DE8}") = "4 - Infraestrutura", "4 - Infraestrutura", "{5D2D9835-E49B-46D9-956F-85C730AFF30D}"
EndProject
Project("{2150E333-8FDC-42A3-9474-1A3956D46DE8}") = "4.1 - Dados", "4.1 - Dados", "{6B8D8E6D-0436-4B85-812C-BCAA36F5F406}"
EndProject
Project("{2150E333-8FDC-42A3-9474-1A3956D46DE8}") = "4.2 - Util", "4.2 - Util", "{EE112FA5-C512-4D38-A85B-FAE844DE1F11}"
EndProject
Project("{FAE04EC0-301F-11D3-BF4B-00C04F79EFBC}") = "PadariaExpress.Infra.Dados", "PadariaExpress.Infra.Dados\PadariaExpress.Infra.Dados.csproj", "{5A4DAB60-1EA6-4D54-A58C-A53DC57361C9}"
EndProject
Project("{FAE04EC0-301F-11D3-BF4B-00C04F79EFBC}") = "PadariaExpress.IOC", "PadariaExpress.IOC\PadariaExpress.IOC.csproj", "{EBCDEA6B-25F2-4298-9D67-7D26FEF5D189}"
EndProject
Project("{FAE04EC0-301F-11D3-BF4B-00C04F79EFBC}") = "PadariaExpress.Aplicacao", "PadariaExpress.Aplicacao\PadariaExpress.Aplicacao.csproj", "{6AD03EDE-492C-4D5C-9A16-7236FD5B102A}"
EndProject
Project("{FAE04EC0-301F-11D3-BF4B-00C04F79EFBC}") = "PadariaExpress.Validacao", "PadariaExpress.Validacao\PadariaExpress.Validacao.csproj", "{02D3A07A-F7F7-4D84-8ECE-55A90A7934C2}"
EndProject
Project("{FAE04EC0-301F-11D3-BF4B-00C04F79EFBC}") = "PadariaExpress.Website", "PadariaExpress.Website\PadariaExpress.Website.csproj", "{39748F14-B1E6-4D9A-B64E-CAB1AE276204}"
EndProject
Project("{FAE04EC0-301F-11D3-BF4B-00C04F79EFBC}") = "PadariaExpress.Teste", "PadariaExpress.Teste\PadariaExpress.Teste.csproj", "{275651CF-342F-480C-AF64-29D31060B8F2}"
EndProject
Project("{E24C65DC-7377-472B-9ABA-BC803B73C61A}") = "PadariaExpress.App", "http://localhost:63847", "{D7DDA306-C6C6-45AE-A5AC-D049F2289748}"
	ProjectSection(WebsiteProperties) = preProject
		UseIISExpress = "true"
		TargetFrameworkMoniker = ".NETFramework,Version%3Dv4.5"
		Debug.AspNetCompiler.VirtualPath = "/localhost_63847"
		Debug.AspNetCompiler.PhysicalPath = "PadariaExpress.App\"
		Debug.AspNetCompiler.TargetPath = "PrecompiledWeb\localhost_63847\"
		Debug.AspNetCompiler.Updateable = "true"
		Debug.AspNetCompiler.ForceOverwrite = "true"
		Debug.AspNetCompiler.FixedNames = "false"
		Debug.AspNetCompiler.Debug = "True"
		Release.AspNetCompiler.VirtualPath = "/localhost_63847"
		Release.AspNetCompiler.PhysicalPath = "PadariaExpress.App\"
		Release.AspNetCompiler.TargetPath = "PrecompiledWeb\localhost_63847\"
		Release.AspNetCompiler.Updateable = "true"
		Release.AspNetCompiler.ForceOverwrite = "true"
		Release.AspNetCompiler.FixedNames = "false"
		Release.AspNetCompiler.Debug = "False"
		SlnRelativePath = "PadariaExpress.App\"
		DefaultWebSiteLanguage = "Visual C#"
	EndProjectSection
EndProject
Project("{FAE04EC0-301F-11D3-BF4B-00C04F79EFBC}") = "Util.Localizacao", "Util.Localizacao\Util.Localizacao.csproj", "{37616D75-9FFB-4407-970F-AA2E1FEA2DBA}"
EndProject
Project("{FAE04EC0-301F-11D3-BF4B-00C04F79EFBC}") = "PushNotification.Dominio", "..\..\Componentes\Push.Dominio\PushNotification.Dominio.csproj", "{D4306204-F315-44BE-96C9-CBF7A0109E42}"
EndProject
Project("{FAE04EC0-301F-11D3-BF4B-00C04F79EFBC}") = "PadariaExpress.Relatorio", "PadariaExpress.Relatorio\PadariaExpress.Relatorio.csproj", "{1A0EE385-F586-4CFC-8420-50A63A1987CE}"
EndProject
Project("{FAE04EC0-301F-11D3-BF4B-00C04F79EFBC}") = "Util.Email", "Util.Email\Util.Email.csproj", "{8B1B8116-94BB-47AA-8B9C-D9405E3BA80F}"
EndProject
Global
	GlobalSection(SubversionScc) = preSolution
		Svn-Managed = True
		Manager = AnkhSVN - Subversion Support for Visual Studio
	EndGlobalSection
	GlobalSection(SolutionConfigurationPlatforms) = preSolution
		Debug|Android = Debug|Android
		Debug|Any CPU = Debug|Any CPU
		Debug|iOS = Debug|iOS
		Debug|Mixed Platforms = Debug|Mixed Platforms
		Debug|Windows Phone (Universal) = Debug|Windows Phone (Universal)
		Debug|Windows Phone 8 = Debug|Windows Phone 8
		Debug|Windows-AnyCPU = Debug|Windows-AnyCPU
		Debug|Windows-ARM = Debug|Windows-ARM
		Debug|Windows-x64 = Debug|Windows-x64
		Debug|Windows-x86 = Debug|Windows-x86
		Distribution|Android = Distribution|Android
		Distribution|Any CPU = Distribution|Any CPU
		Distribution|iOS = Distribution|iOS
		Distribution|Mixed Platforms = Distribution|Mixed Platforms
		Distribution|Windows Phone (Universal) = Distribution|Windows Phone (Universal)
		Distribution|Windows Phone 8 = Distribution|Windows Phone 8
		Distribution|Windows-AnyCPU = Distribution|Windows-AnyCPU
		Distribution|Windows-ARM = Distribution|Windows-ARM
		Distribution|Windows-x64 = Distribution|Windows-x64
		Distribution|Windows-x86 = Distribution|Windows-x86
		Release|Android = Release|Android
		Release|Any CPU = Release|Any CPU
		Release|iOS = Release|iOS
		Release|Mixed Platforms = Release|Mixed Platforms
		Release|Windows Phone (Universal) = Release|Windows Phone (Universal)
		Release|Windows Phone 8 = Release|Windows Phone 8
		Release|Windows-AnyCPU = Release|Windows-AnyCPU
		Release|Windows-ARM = Release|Windows-ARM
		Release|Windows-x64 = Release|Windows-x64
		Release|Windows-x86 = Release|Windows-x86
	EndGlobalSection
	GlobalSection(ProjectConfigurationPlatforms) = postSolution
		{1EA10A93-93FF-4D56-99AD-3578597D7DAA}.Debug|Android.ActiveCfg = Debug|Any CPU
		{1EA10A93-93FF-4D56-99AD-3578597D7DAA}.Debug|Any CPU.ActiveCfg = Debug|Any CPU
		{1EA10A93-93FF-4D56-99AD-3578597D7DAA}.Debug|Any CPU.Build.0 = Debug|Any CPU
		{1EA10A93-93FF-4D56-99AD-3578597D7DAA}.Debug|iOS.ActiveCfg = Debug|Any CPU
		{1EA10A93-93FF-4D56-99AD-3578597D7DAA}.Debug|Mixed Platforms.ActiveCfg = Debug|Any CPU
		{1EA10A93-93FF-4D56-99AD-3578597D7DAA}.Debug|Mixed Platforms.Build.0 = Debug|Any CPU
		{1EA10A93-93FF-4D56-99AD-3578597D7DAA}.Debug|Windows Phone (Universal).ActiveCfg = Debug|Any CPU
		{1EA10A93-93FF-4D56-99AD-3578597D7DAA}.Debug|Windows Phone 8.ActiveCfg = Debug|Any CPU
		{1EA10A93-93FF-4D56-99AD-3578597D7DAA}.Debug|Windows-AnyCPU.ActiveCfg = Debug|Any CPU
		{1EA10A93-93FF-4D56-99AD-3578597D7DAA}.Debug|Windows-ARM.ActiveCfg = Debug|Any CPU
		{1EA10A93-93FF-4D56-99AD-3578597D7DAA}.Debug|Windows-x64.ActiveCfg = Debug|Any CPU
		{1EA10A93-93FF-4D56-99AD-3578597D7DAA}.Debug|Windows-x86.ActiveCfg = Debug|Any CPU
		{1EA10A93-93FF-4D56-99AD-3578597D7DAA}.Distribution|Android.ActiveCfg = Debug|Any CPU
		{1EA10A93-93FF-4D56-99AD-3578597D7DAA}.Distribution|Any CPU.ActiveCfg = Debug|Any CPU
		{1EA10A93-93FF-4D56-99AD-3578597D7DAA}.Distribution|Any CPU.Build.0 = Debug|Any CPU
		{1EA10A93-93FF-4D56-99AD-3578597D7DAA}.Distribution|iOS.ActiveCfg = Debug|Any CPU
		{1EA10A93-93FF-4D56-99AD-3578597D7DAA}.Distribution|Mixed Platforms.ActiveCfg = Debug|Any CPU
		{1EA10A93-93FF-4D56-99AD-3578597D7DAA}.Distribution|Mixed Platforms.Build.0 = Debug|Any CPU
		{1EA10A93-93FF-4D56-99AD-3578597D7DAA}.Distribution|Windows Phone (Universal).ActiveCfg = Debug|Any CPU
		{1EA10A93-93FF-4D56-99AD-3578597D7DAA}.Distribution|Windows Phone 8.ActiveCfg = Debug|Any CPU
		{1EA10A93-93FF-4D56-99AD-3578597D7DAA}.Distribution|Windows-AnyCPU.ActiveCfg = Debug|Any CPU
		{1EA10A93-93FF-4D56-99AD-3578597D7DAA}.Distribution|Windows-ARM.ActiveCfg = Debug|Any CPU
		{1EA10A93-93FF-4D56-99AD-3578597D7DAA}.Distribution|Windows-x64.ActiveCfg = Debug|Any CPU
		{1EA10A93-93FF-4D56-99AD-3578597D7DAA}.Distribution|Windows-x86.ActiveCfg = Debug|Any CPU
		{1EA10A93-93FF-4D56-99AD-3578597D7DAA}.Release|Android.ActiveCfg = Release|Any CPU
		{1EA10A93-93FF-4D56-99AD-3578597D7DAA}.Release|Any CPU.ActiveCfg = Release|Any CPU
		{1EA10A93-93FF-4D56-99AD-3578597D7DAA}.Release|Any CPU.Build.0 = Release|Any CPU
		{1EA10A93-93FF-4D56-99AD-3578597D7DAA}.Release|iOS.ActiveCfg = Release|Any CPU
		{1EA10A93-93FF-4D56-99AD-3578597D7DAA}.Release|Mixed Platforms.ActiveCfg = Release|Any CPU
		{1EA10A93-93FF-4D56-99AD-3578597D7DAA}.Release|Mixed Platforms.Build.0 = Release|Any CPU
		{1EA10A93-93FF-4D56-99AD-3578597D7DAA}.Release|Windows Phone (Universal).ActiveCfg = Release|Any CPU
		{1EA10A93-93FF-4D56-99AD-3578597D7DAA}.Release|Windows Phone 8.ActiveCfg = Release|Any CPU
		{1EA10A93-93FF-4D56-99AD-3578597D7DAA}.Release|Windows-AnyCPU.ActiveCfg = Release|Any CPU
		{1EA10A93-93FF-4D56-99AD-3578597D7DAA}.Release|Windows-ARM.ActiveCfg = Release|Any CPU
		{1EA10A93-93FF-4D56-99AD-3578597D7DAA}.Release|Windows-x64.ActiveCfg = Release|Any CPU
		{1EA10A93-93FF-4D56-99AD-3578597D7DAA}.Release|Windows-x86.ActiveCfg = Release|Any CPU
		{5A4DAB60-1EA6-4D54-A58C-A53DC57361C9}.Debug|Android.ActiveCfg = Debug|Any CPU
		{5A4DAB60-1EA6-4D54-A58C-A53DC57361C9}.Debug|Any CPU.ActiveCfg = Debug|Any CPU
		{5A4DAB60-1EA6-4D54-A58C-A53DC57361C9}.Debug|Any CPU.Build.0 = Debug|Any CPU
		{5A4DAB60-1EA6-4D54-A58C-A53DC57361C9}.Debug|iOS.ActiveCfg = Debug|Any CPU
		{5A4DAB60-1EA6-4D54-A58C-A53DC57361C9}.Debug|Mixed Platforms.ActiveCfg = Debug|Any CPU
		{5A4DAB60-1EA6-4D54-A58C-A53DC57361C9}.Debug|Mixed Platforms.Build.0 = Debug|Any CPU
		{5A4DAB60-1EA6-4D54-A58C-A53DC57361C9}.Debug|Windows Phone (Universal).ActiveCfg = Debug|Any CPU
		{5A4DAB60-1EA6-4D54-A58C-A53DC57361C9}.Debug|Windows Phone 8.ActiveCfg = Debug|Any CPU
		{5A4DAB60-1EA6-4D54-A58C-A53DC57361C9}.Debug|Windows-AnyCPU.ActiveCfg = Debug|Any CPU
		{5A4DAB60-1EA6-4D54-A58C-A53DC57361C9}.Debug|Windows-ARM.ActiveCfg = Debug|Any CPU
		{5A4DAB60-1EA6-4D54-A58C-A53DC57361C9}.Debug|Windows-x64.ActiveCfg = Debug|Any CPU
		{5A4DAB60-1EA6-4D54-A58C-A53DC57361C9}.Debug|Windows-x86.ActiveCfg = Debug|Any CPU
		{5A4DAB60-1EA6-4D54-A58C-A53DC57361C9}.Distribution|Android.ActiveCfg = Debug|Any CPU
		{5A4DAB60-1EA6-4D54-A58C-A53DC57361C9}.Distribution|Any CPU.ActiveCfg = Debug|Any CPU
		{5A4DAB60-1EA6-4D54-A58C-A53DC57361C9}.Distribution|Any CPU.Build.0 = Debug|Any CPU
		{5A4DAB60-1EA6-4D54-A58C-A53DC57361C9}.Distribution|iOS.ActiveCfg = Debug|Any CPU
		{5A4DAB60-1EA6-4D54-A58C-A53DC57361C9}.Distribution|Mixed Platforms.ActiveCfg = Debug|Any CPU
		{5A4DAB60-1EA6-4D54-A58C-A53DC57361C9}.Distribution|Mixed Platforms.Build.0 = Debug|Any CPU
		{5A4DAB60-1EA6-4D54-A58C-A53DC57361C9}.Distribution|Windows Phone (Universal).ActiveCfg = Debug|Any CPU
		{5A4DAB60-1EA6-4D54-A58C-A53DC57361C9}.Distribution|Windows Phone 8.ActiveCfg = Debug|Any CPU
		{5A4DAB60-1EA6-4D54-A58C-A53DC57361C9}.Distribution|Windows-AnyCPU.ActiveCfg = Debug|Any CPU
		{5A4DAB60-1EA6-4D54-A58C-A53DC57361C9}.Distribution|Windows-ARM.ActiveCfg = Debug|Any CPU
		{5A4DAB60-1EA6-4D54-A58C-A53DC57361C9}.Distribution|Windows-x64.ActiveCfg = Debug|Any CPU
		{5A4DAB60-1EA6-4D54-A58C-A53DC57361C9}.Distribution|Windows-x86.ActiveCfg = Debug|Any CPU
		{5A4DAB60-1EA6-4D54-A58C-A53DC57361C9}.Release|Android.ActiveCfg = Release|Any CPU
		{5A4DAB60-1EA6-4D54-A58C-A53DC57361C9}.Release|Any CPU.ActiveCfg = Release|Any CPU
		{5A4DAB60-1EA6-4D54-A58C-A53DC57361C9}.Release|Any CPU.Build.0 = Release|Any CPU
		{5A4DAB60-1EA6-4D54-A58C-A53DC57361C9}.Release|iOS.ActiveCfg = Release|Any CPU
		{5A4DAB60-1EA6-4D54-A58C-A53DC57361C9}.Release|Mixed Platforms.ActiveCfg = Release|Any CPU
		{5A4DAB60-1EA6-4D54-A58C-A53DC57361C9}.Release|Mixed Platforms.Build.0 = Release|Any CPU
		{5A4DAB60-1EA6-4D54-A58C-A53DC57361C9}.Release|Windows Phone (Universal).ActiveCfg = Release|Any CPU
		{5A4DAB60-1EA6-4D54-A58C-A53DC57361C9}.Release|Windows Phone 8.ActiveCfg = Release|Any CPU
		{5A4DAB60-1EA6-4D54-A58C-A53DC57361C9}.Release|Windows-AnyCPU.ActiveCfg = Release|Any CPU
		{5A4DAB60-1EA6-4D54-A58C-A53DC57361C9}.Release|Windows-ARM.ActiveCfg = Release|Any CPU
		{5A4DAB60-1EA6-4D54-A58C-A53DC57361C9}.Release|Windows-x64.ActiveCfg = Release|Any CPU
		{5A4DAB60-1EA6-4D54-A58C-A53DC57361C9}.Release|Windows-x86.ActiveCfg = Release|Any CPU
		{EBCDEA6B-25F2-4298-9D67-7D26FEF5D189}.Debug|Android.ActiveCfg = Debug|Any CPU
		{EBCDEA6B-25F2-4298-9D67-7D26FEF5D189}.Debug|Any CPU.ActiveCfg = Debug|Any CPU
		{EBCDEA6B-25F2-4298-9D67-7D26FEF5D189}.Debug|Any CPU.Build.0 = Debug|Any CPU
		{EBCDEA6B-25F2-4298-9D67-7D26FEF5D189}.Debug|iOS.ActiveCfg = Debug|Any CPU
		{EBCDEA6B-25F2-4298-9D67-7D26FEF5D189}.Debug|Mixed Platforms.ActiveCfg = Debug|Any CPU
		{EBCDEA6B-25F2-4298-9D67-7D26FEF5D189}.Debug|Mixed Platforms.Build.0 = Debug|Any CPU
		{EBCDEA6B-25F2-4298-9D67-7D26FEF5D189}.Debug|Windows Phone (Universal).ActiveCfg = Debug|Any CPU
		{EBCDEA6B-25F2-4298-9D67-7D26FEF5D189}.Debug|Windows Phone 8.ActiveCfg = Debug|Any CPU
		{EBCDEA6B-25F2-4298-9D67-7D26FEF5D189}.Debug|Windows-AnyCPU.ActiveCfg = Debug|Any CPU
		{EBCDEA6B-25F2-4298-9D67-7D26FEF5D189}.Debug|Windows-ARM.ActiveCfg = Debug|Any CPU
		{EBCDEA6B-25F2-4298-9D67-7D26FEF5D189}.Debug|Windows-x64.ActiveCfg = Debug|Any CPU
		{EBCDEA6B-25F2-4298-9D67-7D26FEF5D189}.Debug|Windows-x86.ActiveCfg = Debug|Any CPU
		{EBCDEA6B-25F2-4298-9D67-7D26FEF5D189}.Distribution|Android.ActiveCfg = Debug|Any CPU
		{EBCDEA6B-25F2-4298-9D67-7D26FEF5D189}.Distribution|Any CPU.ActiveCfg = Debug|Any CPU
		{EBCDEA6B-25F2-4298-9D67-7D26FEF5D189}.Distribution|Any CPU.Build.0 = Debug|Any CPU
		{EBCDEA6B-25F2-4298-9D67-7D26FEF5D189}.Distribution|iOS.ActiveCfg = Debug|Any CPU
		{EBCDEA6B-25F2-4298-9D67-7D26FEF5D189}.Distribution|Mixed Platforms.ActiveCfg = Debug|Any CPU
		{EBCDEA6B-25F2-4298-9D67-7D26FEF5D189}.Distribution|Mixed Platforms.Build.0 = Debug|Any CPU
		{EBCDEA6B-25F2-4298-9D67-7D26FEF5D189}.Distribution|Windows Phone (Universal).ActiveCfg = Debug|Any CPU
		{EBCDEA6B-25F2-4298-9D67-7D26FEF5D189}.Distribution|Windows Phone 8.ActiveCfg = Debug|Any CPU
		{EBCDEA6B-25F2-4298-9D67-7D26FEF5D189}.Distribution|Windows-AnyCPU.ActiveCfg = Debug|Any CPU
		{EBCDEA6B-25F2-4298-9D67-7D26FEF5D189}.Distribution|Windows-ARM.ActiveCfg = Debug|Any CPU
		{EBCDEA6B-25F2-4298-9D67-7D26FEF5D189}.Distribution|Windows-x64.ActiveCfg = Debug|Any CPU
		{EBCDEA6B-25F2-4298-9D67-7D26FEF5D189}.Distribution|Windows-x86.ActiveCfg = Debug|Any CPU
		{EBCDEA6B-25F2-4298-9D67-7D26FEF5D189}.Release|Android.ActiveCfg = Release|Any CPU
		{EBCDEA6B-25F2-4298-9D67-7D26FEF5D189}.Release|Any CPU.ActiveCfg = Release|Any CPU
		{EBCDEA6B-25F2-4298-9D67-7D26FEF5D189}.Release|Any CPU.Build.0 = Release|Any CPU
		{EBCDEA6B-25F2-4298-9D67-7D26FEF5D189}.Release|iOS.ActiveCfg = Release|Any CPU
		{EBCDEA6B-25F2-4298-9D67-7D26FEF5D189}.Release|Mixed Platforms.ActiveCfg = Release|Any CPU
		{EBCDEA6B-25F2-4298-9D67-7D26FEF5D189}.Release|Mixed Platforms.Build.0 = Release|Any CPU
		{EBCDEA6B-25F2-4298-9D67-7D26FEF5D189}.Release|Windows Phone (Universal).ActiveCfg = Release|Any CPU
		{EBCDEA6B-25F2-4298-9D67-7D26FEF5D189}.Release|Windows Phone 8.ActiveCfg = Release|Any CPU
		{EBCDEA6B-25F2-4298-9D67-7D26FEF5D189}.Release|Windows-AnyCPU.ActiveCfg = Release|Any CPU
		{EBCDEA6B-25F2-4298-9D67-7D26FEF5D189}.Release|Windows-ARM.ActiveCfg = Release|Any CPU
		{EBCDEA6B-25F2-4298-9D67-7D26FEF5D189}.Release|Windows-x64.ActiveCfg = Release|Any CPU
		{EBCDEA6B-25F2-4298-9D67-7D26FEF5D189}.Release|Windows-x86.ActiveCfg = Release|Any CPU
		{6AD03EDE-492C-4D5C-9A16-7236FD5B102A}.Debug|Android.ActiveCfg = Debug|Any CPU
		{6AD03EDE-492C-4D5C-9A16-7236FD5B102A}.Debug|Any CPU.ActiveCfg = Debug|Any CPU
		{6AD03EDE-492C-4D5C-9A16-7236FD5B102A}.Debug|Any CPU.Build.0 = Debug|Any CPU
		{6AD03EDE-492C-4D5C-9A16-7236FD5B102A}.Debug|iOS.ActiveCfg = Debug|Any CPU
		{6AD03EDE-492C-4D5C-9A16-7236FD5B102A}.Debug|Mixed Platforms.ActiveCfg = Debug|Any CPU
		{6AD03EDE-492C-4D5C-9A16-7236FD5B102A}.Debug|Mixed Platforms.Build.0 = Debug|Any CPU
		{6AD03EDE-492C-4D5C-9A16-7236FD5B102A}.Debug|Windows Phone (Universal).ActiveCfg = Debug|Any CPU
		{6AD03EDE-492C-4D5C-9A16-7236FD5B102A}.Debug|Windows Phone 8.ActiveCfg = Debug|Any CPU
		{6AD03EDE-492C-4D5C-9A16-7236FD5B102A}.Debug|Windows-AnyCPU.ActiveCfg = Debug|Any CPU
		{6AD03EDE-492C-4D5C-9A16-7236FD5B102A}.Debug|Windows-ARM.ActiveCfg = Debug|Any CPU
		{6AD03EDE-492C-4D5C-9A16-7236FD5B102A}.Debug|Windows-x64.ActiveCfg = Debug|Any CPU
		{6AD03EDE-492C-4D5C-9A16-7236FD5B102A}.Debug|Windows-x86.ActiveCfg = Debug|Any CPU
		{6AD03EDE-492C-4D5C-9A16-7236FD5B102A}.Distribution|Android.ActiveCfg = Debug|Any CPU
		{6AD03EDE-492C-4D5C-9A16-7236FD5B102A}.Distribution|Any CPU.ActiveCfg = Debug|Any CPU
		{6AD03EDE-492C-4D5C-9A16-7236FD5B102A}.Distribution|Any CPU.Build.0 = Debug|Any CPU
		{6AD03EDE-492C-4D5C-9A16-7236FD5B102A}.Distribution|iOS.ActiveCfg = Debug|Any CPU
		{6AD03EDE-492C-4D5C-9A16-7236FD5B102A}.Distribution|Mixed Platforms.ActiveCfg = Debug|Any CPU
		{6AD03EDE-492C-4D5C-9A16-7236FD5B102A}.Distribution|Mixed Platforms.Build.0 = Debug|Any CPU
		{6AD03EDE-492C-4D5C-9A16-7236FD5B102A}.Distribution|Windows Phone (Universal).ActiveCfg = Debug|Any CPU
		{6AD03EDE-492C-4D5C-9A16-7236FD5B102A}.Distribution|Windows Phone 8.ActiveCfg = Debug|Any CPU
		{6AD03EDE-492C-4D5C-9A16-7236FD5B102A}.Distribution|Windows-AnyCPU.ActiveCfg = Debug|Any CPU
		{6AD03EDE-492C-4D5C-9A16-7236FD5B102A}.Distribution|Windows-ARM.ActiveCfg = Debug|Any CPU
		{6AD03EDE-492C-4D5C-9A16-7236FD5B102A}.Distribution|Windows-x64.ActiveCfg = Debug|Any CPU
		{6AD03EDE-492C-4D5C-9A16-7236FD5B102A}.Distribution|Windows-x86.ActiveCfg = Debug|Any CPU
		{6AD03EDE-492C-4D5C-9A16-7236FD5B102A}.Release|Android.ActiveCfg = Release|Any CPU
		{6AD03EDE-492C-4D5C-9A16-7236FD5B102A}.Release|Any CPU.ActiveCfg = Release|Any CPU
		{6AD03EDE-492C-4D5C-9A16-7236FD5B102A}.Release|Any CPU.Build.0 = Release|Any CPU
		{6AD03EDE-492C-4D5C-9A16-7236FD5B102A}.Release|iOS.ActiveCfg = Release|Any CPU
		{6AD03EDE-492C-4D5C-9A16-7236FD5B102A}.Release|Mixed Platforms.ActiveCfg = Release|Any CPU
		{6AD03EDE-492C-4D5C-9A16-7236FD5B102A}.Release|Mixed Platforms.Build.0 = Release|Any CPU
		{6AD03EDE-492C-4D5C-9A16-7236FD5B102A}.Release|Windows Phone (Universal).ActiveCfg = Release|Any CPU
		{6AD03EDE-492C-4D5C-9A16-7236FD5B102A}.Release|Windows Phone 8.ActiveCfg = Release|Any CPU
		{6AD03EDE-492C-4D5C-9A16-7236FD5B102A}.Release|Windows-AnyCPU.ActiveCfg = Release|Any CPU
		{6AD03EDE-492C-4D5C-9A16-7236FD5B102A}.Release|Windows-ARM.ActiveCfg = Release|Any CPU
		{6AD03EDE-492C-4D5C-9A16-7236FD5B102A}.Release|Windows-x64.ActiveCfg = Release|Any CPU
		{6AD03EDE-492C-4D5C-9A16-7236FD5B102A}.Release|Windows-x86.ActiveCfg = Release|Any CPU
		{02D3A07A-F7F7-4D84-8ECE-55A90A7934C2}.Debug|Android.ActiveCfg = Debug|Any CPU
		{02D3A07A-F7F7-4D84-8ECE-55A90A7934C2}.Debug|Any CPU.ActiveCfg = Debug|Any CPU
		{02D3A07A-F7F7-4D84-8ECE-55A90A7934C2}.Debug|Any CPU.Build.0 = Debug|Any CPU
		{02D3A07A-F7F7-4D84-8ECE-55A90A7934C2}.Debug|iOS.ActiveCfg = Debug|Any CPU
		{02D3A07A-F7F7-4D84-8ECE-55A90A7934C2}.Debug|Mixed Platforms.ActiveCfg = Debug|Any CPU
		{02D3A07A-F7F7-4D84-8ECE-55A90A7934C2}.Debug|Mixed Platforms.Build.0 = Debug|Any CPU
		{02D3A07A-F7F7-4D84-8ECE-55A90A7934C2}.Debug|Windows Phone (Universal).ActiveCfg = Debug|Any CPU
		{02D3A07A-F7F7-4D84-8ECE-55A90A7934C2}.Debug|Windows Phone 8.ActiveCfg = Debug|Any CPU
		{02D3A07A-F7F7-4D84-8ECE-55A90A7934C2}.Debug|Windows-AnyCPU.ActiveCfg = Debug|Any CPU
		{02D3A07A-F7F7-4D84-8ECE-55A90A7934C2}.Debug|Windows-ARM.ActiveCfg = Debug|Any CPU
		{02D3A07A-F7F7-4D84-8ECE-55A90A7934C2}.Debug|Windows-x64.ActiveCfg = Debug|Any CPU
		{02D3A07A-F7F7-4D84-8ECE-55A90A7934C2}.Debug|Windows-x86.ActiveCfg = Debug|Any CPU
		{02D3A07A-F7F7-4D84-8ECE-55A90A7934C2}.Distribution|Android.ActiveCfg = Debug|Any CPU
		{02D3A07A-F7F7-4D84-8ECE-55A90A7934C2}.Distribution|Any CPU.ActiveCfg = Debug|Any CPU
		{02D3A07A-F7F7-4D84-8ECE-55A90A7934C2}.Distribution|Any CPU.Build.0 = Debug|Any CPU
		{02D3A07A-F7F7-4D84-8ECE-55A90A7934C2}.Distribution|iOS.ActiveCfg = Debug|Any CPU
		{02D3A07A-F7F7-4D84-8ECE-55A90A7934C2}.Distribution|Mixed Platforms.ActiveCfg = Debug|Any CPU
		{02D3A07A-F7F7-4D84-8ECE-55A90A7934C2}.Distribution|Mixed Platforms.Build.0 = Debug|Any CPU
		{02D3A07A-F7F7-4D84-8ECE-55A90A7934C2}.Distribution|Windows Phone (Universal).ActiveCfg = Debug|Any CPU
		{02D3A07A-F7F7-4D84-8ECE-55A90A7934C2}.Distribution|Windows Phone 8.ActiveCfg = Debug|Any CPU
		{02D3A07A-F7F7-4D84-8ECE-55A90A7934C2}.Distribution|Windows-AnyCPU.ActiveCfg = Debug|Any CPU
		{02D3A07A-F7F7-4D84-8ECE-55A90A7934C2}.Distribution|Windows-ARM.ActiveCfg = Debug|Any CPU
		{02D3A07A-F7F7-4D84-8ECE-55A90A7934C2}.Distribution|Windows-x64.ActiveCfg = Debug|Any CPU
		{02D3A07A-F7F7-4D84-8ECE-55A90A7934C2}.Distribution|Windows-x86.ActiveCfg = Debug|Any CPU
		{02D3A07A-F7F7-4D84-8ECE-55A90A7934C2}.Release|Android.ActiveCfg = Release|Any CPU
		{02D3A07A-F7F7-4D84-8ECE-55A90A7934C2}.Release|Any CPU.ActiveCfg = Release|Any CPU
		{02D3A07A-F7F7-4D84-8ECE-55A90A7934C2}.Release|Any CPU.Build.0 = Release|Any CPU
		{02D3A07A-F7F7-4D84-8ECE-55A90A7934C2}.Release|iOS.ActiveCfg = Release|Any CPU
		{02D3A07A-F7F7-4D84-8ECE-55A90A7934C2}.Release|Mixed Platforms.ActiveCfg = Release|Any CPU
		{02D3A07A-F7F7-4D84-8ECE-55A90A7934C2}.Release|Mixed Platforms.Build.0 = Release|Any CPU
		{02D3A07A-F7F7-4D84-8ECE-55A90A7934C2}.Release|Windows Phone (Universal).ActiveCfg = Release|Any CPU
		{02D3A07A-F7F7-4D84-8ECE-55A90A7934C2}.Release|Windows Phone 8.ActiveCfg = Release|Any CPU
		{02D3A07A-F7F7-4D84-8ECE-55A90A7934C2}.Release|Windows-AnyCPU.ActiveCfg = Release|Any CPU
		{02D3A07A-F7F7-4D84-8ECE-55A90A7934C2}.Release|Windows-ARM.ActiveCfg = Release|Any CPU
		{02D3A07A-F7F7-4D84-8ECE-55A90A7934C2}.Release|Windows-x64.ActiveCfg = Release|Any CPU
		{02D3A07A-F7F7-4D84-8ECE-55A90A7934C2}.Release|Windows-x86.ActiveCfg = Release|Any CPU
		{39748F14-B1E6-4D9A-B64E-CAB1AE276204}.Debug|Android.ActiveCfg = Debug|Any CPU
		{39748F14-B1E6-4D9A-B64E-CAB1AE276204}.Debug|Any CPU.ActiveCfg = Debug|Any CPU
		{39748F14-B1E6-4D9A-B64E-CAB1AE276204}.Debug|Any CPU.Build.0 = Debug|Any CPU
		{39748F14-B1E6-4D9A-B64E-CAB1AE276204}.Debug|iOS.ActiveCfg = Debug|Any CPU
		{39748F14-B1E6-4D9A-B64E-CAB1AE276204}.Debug|Mixed Platforms.ActiveCfg = Debug|Any CPU
		{39748F14-B1E6-4D9A-B64E-CAB1AE276204}.Debug|Mixed Platforms.Build.0 = Debug|Any CPU
		{39748F14-B1E6-4D9A-B64E-CAB1AE276204}.Debug|Windows Phone (Universal).ActiveCfg = Debug|Any CPU
		{39748F14-B1E6-4D9A-B64E-CAB1AE276204}.Debug|Windows Phone 8.ActiveCfg = Debug|Any CPU
		{39748F14-B1E6-4D9A-B64E-CAB1AE276204}.Debug|Windows-AnyCPU.ActiveCfg = Debug|Any CPU
		{39748F14-B1E6-4D9A-B64E-CAB1AE276204}.Debug|Windows-ARM.ActiveCfg = Debug|Any CPU
		{39748F14-B1E6-4D9A-B64E-CAB1AE276204}.Debug|Windows-x64.ActiveCfg = Debug|Any CPU
		{39748F14-B1E6-4D9A-B64E-CAB1AE276204}.Debug|Windows-x86.ActiveCfg = Debug|Any CPU
		{39748F14-B1E6-4D9A-B64E-CAB1AE276204}.Distribution|Android.ActiveCfg = Debug|Any CPU
		{39748F14-B1E6-4D9A-B64E-CAB1AE276204}.Distribution|Any CPU.ActiveCfg = Debug|Any CPU
		{39748F14-B1E6-4D9A-B64E-CAB1AE276204}.Distribution|Any CPU.Build.0 = Debug|Any CPU
		{39748F14-B1E6-4D9A-B64E-CAB1AE276204}.Distribution|iOS.ActiveCfg = Debug|Any CPU
		{39748F14-B1E6-4D9A-B64E-CAB1AE276204}.Distribution|Mixed Platforms.ActiveCfg = Debug|Any CPU
		{39748F14-B1E6-4D9A-B64E-CAB1AE276204}.Distribution|Mixed Platforms.Build.0 = Debug|Any CPU
		{39748F14-B1E6-4D9A-B64E-CAB1AE276204}.Distribution|Windows Phone (Universal).ActiveCfg = Debug|Any CPU
		{39748F14-B1E6-4D9A-B64E-CAB1AE276204}.Distribution|Windows Phone 8.ActiveCfg = Debug|Any CPU
		{39748F14-B1E6-4D9A-B64E-CAB1AE276204}.Distribution|Windows-AnyCPU.ActiveCfg = Debug|Any CPU
		{39748F14-B1E6-4D9A-B64E-CAB1AE276204}.Distribution|Windows-ARM.ActiveCfg = Debug|Any CPU
		{39748F14-B1E6-4D9A-B64E-CAB1AE276204}.Distribution|Windows-x64.ActiveCfg = Debug|Any CPU
		{39748F14-B1E6-4D9A-B64E-CAB1AE276204}.Distribution|Windows-x86.ActiveCfg = Debug|Any CPU
		{39748F14-B1E6-4D9A-B64E-CAB1AE276204}.Release|Android.ActiveCfg = Release|Any CPU
		{39748F14-B1E6-4D9A-B64E-CAB1AE276204}.Release|Any CPU.ActiveCfg = Release|Any CPU
		{39748F14-B1E6-4D9A-B64E-CAB1AE276204}.Release|Any CPU.Build.0 = Release|Any CPU
		{39748F14-B1E6-4D9A-B64E-CAB1AE276204}.Release|iOS.ActiveCfg = Release|Any CPU
		{39748F14-B1E6-4D9A-B64E-CAB1AE276204}.Release|Mixed Platforms.ActiveCfg = Release|Any CPU
		{39748F14-B1E6-4D9A-B64E-CAB1AE276204}.Release|Mixed Platforms.Build.0 = Release|Any CPU
		{39748F14-B1E6-4D9A-B64E-CAB1AE276204}.Release|Windows Phone (Universal).ActiveCfg = Release|Any CPU
		{39748F14-B1E6-4D9A-B64E-CAB1AE276204}.Release|Windows Phone 8.ActiveCfg = Release|Any CPU
		{39748F14-B1E6-4D9A-B64E-CAB1AE276204}.Release|Windows-AnyCPU.ActiveCfg = Release|Any CPU
		{39748F14-B1E6-4D9A-B64E-CAB1AE276204}.Release|Windows-ARM.ActiveCfg = Release|Any CPU
		{39748F14-B1E6-4D9A-B64E-CAB1AE276204}.Release|Windows-x64.ActiveCfg = Release|Any CPU
		{39748F14-B1E6-4D9A-B64E-CAB1AE276204}.Release|Windows-x86.ActiveCfg = Release|Any CPU
		{275651CF-342F-480C-AF64-29D31060B8F2}.Debug|Android.ActiveCfg = Debug|Any CPU
		{275651CF-342F-480C-AF64-29D31060B8F2}.Debug|Any CPU.ActiveCfg = Debug|Any CPU
		{275651CF-342F-480C-AF64-29D31060B8F2}.Debug|Any CPU.Build.0 = Debug|Any CPU
		{275651CF-342F-480C-AF64-29D31060B8F2}.Debug|iOS.ActiveCfg = Debug|Any CPU
		{275651CF-342F-480C-AF64-29D31060B8F2}.Debug|Mixed Platforms.ActiveCfg = Debug|Any CPU
		{275651CF-342F-480C-AF64-29D31060B8F2}.Debug|Mixed Platforms.Build.0 = Debug|Any CPU
		{275651CF-342F-480C-AF64-29D31060B8F2}.Debug|Windows Phone (Universal).ActiveCfg = Debug|Any CPU
		{275651CF-342F-480C-AF64-29D31060B8F2}.Debug|Windows Phone 8.ActiveCfg = Debug|Any CPU
		{275651CF-342F-480C-AF64-29D31060B8F2}.Debug|Windows-AnyCPU.ActiveCfg = Debug|Any CPU
		{275651CF-342F-480C-AF64-29D31060B8F2}.Debug|Windows-ARM.ActiveCfg = Debug|Any CPU
		{275651CF-342F-480C-AF64-29D31060B8F2}.Debug|Windows-x64.ActiveCfg = Debug|Any CPU
		{275651CF-342F-480C-AF64-29D31060B8F2}.Debug|Windows-x86.ActiveCfg = Debug|Any CPU
		{275651CF-342F-480C-AF64-29D31060B8F2}.Distribution|Android.ActiveCfg = Debug|Any CPU
		{275651CF-342F-480C-AF64-29D31060B8F2}.Distribution|Any CPU.ActiveCfg = Debug|Any CPU
		{275651CF-342F-480C-AF64-29D31060B8F2}.Distribution|Any CPU.Build.0 = Debug|Any CPU
		{275651CF-342F-480C-AF64-29D31060B8F2}.Distribution|iOS.ActiveCfg = Debug|Any CPU
		{275651CF-342F-480C-AF64-29D31060B8F2}.Distribution|Mixed Platforms.ActiveCfg = Debug|Any CPU
		{275651CF-342F-480C-AF64-29D31060B8F2}.Distribution|Mixed Platforms.Build.0 = Debug|Any CPU
		{275651CF-342F-480C-AF64-29D31060B8F2}.Distribution|Windows Phone (Universal).ActiveCfg = Debug|Any CPU
		{275651CF-342F-480C-AF64-29D31060B8F2}.Distribution|Windows Phone 8.ActiveCfg = Debug|Any CPU
		{275651CF-342F-480C-AF64-29D31060B8F2}.Distribution|Windows-AnyCPU.ActiveCfg = Debug|Any CPU
		{275651CF-342F-480C-AF64-29D31060B8F2}.Distribution|Windows-ARM.ActiveCfg = Debug|Any CPU
		{275651CF-342F-480C-AF64-29D31060B8F2}.Distribution|Windows-x64.ActiveCfg = Debug|Any CPU
		{275651CF-342F-480C-AF64-29D31060B8F2}.Distribution|Windows-x86.ActiveCfg = Debug|Any CPU
		{275651CF-342F-480C-AF64-29D31060B8F2}.Release|Android.ActiveCfg = Release|Any CPU
		{275651CF-342F-480C-AF64-29D31060B8F2}.Release|Any CPU.ActiveCfg = Release|Any CPU
		{275651CF-342F-480C-AF64-29D31060B8F2}.Release|Any CPU.Build.0 = Release|Any CPU
		{275651CF-342F-480C-AF64-29D31060B8F2}.Release|iOS.ActiveCfg = Release|Any CPU
		{275651CF-342F-480C-AF64-29D31060B8F2}.Release|Mixed Platforms.ActiveCfg = Release|Any CPU
		{275651CF-342F-480C-AF64-29D31060B8F2}.Release|Mixed Platforms.Build.0 = Release|Any CPU
		{275651CF-342F-480C-AF64-29D31060B8F2}.Release|Windows Phone (Universal).ActiveCfg = Release|Any CPU
		{275651CF-342F-480C-AF64-29D31060B8F2}.Release|Windows Phone 8.ActiveCfg = Release|Any CPU
		{275651CF-342F-480C-AF64-29D31060B8F2}.Release|Windows-AnyCPU.ActiveCfg = Release|Any CPU
		{275651CF-342F-480C-AF64-29D31060B8F2}.Release|Windows-ARM.ActiveCfg = Release|Any CPU
		{275651CF-342F-480C-AF64-29D31060B8F2}.Release|Windows-x64.ActiveCfg = Release|Any CPU
		{275651CF-342F-480C-AF64-29D31060B8F2}.Release|Windows-x86.ActiveCfg = Release|Any CPU
		{D7DDA306-C6C6-45AE-A5AC-D049F2289748}.Debug|Android.ActiveCfg = Debug|Any CPU
		{D7DDA306-C6C6-45AE-A5AC-D049F2289748}.Debug|Any CPU.ActiveCfg = Debug|Any CPU
		{D7DDA306-C6C6-45AE-A5AC-D049F2289748}.Debug|Any CPU.Build.0 = Debug|Any CPU
		{D7DDA306-C6C6-45AE-A5AC-D049F2289748}.Debug|iOS.ActiveCfg = Debug|Any CPU
		{D7DDA306-C6C6-45AE-A5AC-D049F2289748}.Debug|Mixed Platforms.ActiveCfg = Debug|Any CPU
		{D7DDA306-C6C6-45AE-A5AC-D049F2289748}.Debug|Mixed Platforms.Build.0 = Debug|Any CPU
		{D7DDA306-C6C6-45AE-A5AC-D049F2289748}.Debug|Windows Phone (Universal).ActiveCfg = Debug|Any CPU
		{D7DDA306-C6C6-45AE-A5AC-D049F2289748}.Debug|Windows Phone 8.ActiveCfg = Debug|Any CPU
		{D7DDA306-C6C6-45AE-A5AC-D049F2289748}.Debug|Windows-AnyCPU.ActiveCfg = Debug|Any CPU
		{D7DDA306-C6C6-45AE-A5AC-D049F2289748}.Debug|Windows-ARM.ActiveCfg = Debug|Any CPU
		{D7DDA306-C6C6-45AE-A5AC-D049F2289748}.Debug|Windows-x64.ActiveCfg = Debug|Any CPU
		{D7DDA306-C6C6-45AE-A5AC-D049F2289748}.Debug|Windows-x86.ActiveCfg = Debug|Any CPU
		{D7DDA306-C6C6-45AE-A5AC-D049F2289748}.Distribution|Android.ActiveCfg = Debug|Any CPU
		{D7DDA306-C6C6-45AE-A5AC-D049F2289748}.Distribution|Any CPU.ActiveCfg = Debug|Any CPU
		{D7DDA306-C6C6-45AE-A5AC-D049F2289748}.Distribution|Any CPU.Build.0 = Debug|Any CPU
		{D7DDA306-C6C6-45AE-A5AC-D049F2289748}.Distribution|iOS.ActiveCfg = Debug|Any CPU
		{D7DDA306-C6C6-45AE-A5AC-D049F2289748}.Distribution|Mixed Platforms.ActiveCfg = Debug|Any CPU
		{D7DDA306-C6C6-45AE-A5AC-D049F2289748}.Distribution|Mixed Platforms.Build.0 = Debug|Any CPU
		{D7DDA306-C6C6-45AE-A5AC-D049F2289748}.Distribution|Windows Phone (Universal).ActiveCfg = Debug|Any CPU
		{D7DDA306-C6C6-45AE-A5AC-D049F2289748}.Distribution|Windows Phone 8.ActiveCfg = Debug|Any CPU
		{D7DDA306-C6C6-45AE-A5AC-D049F2289748}.Distribution|Windows-AnyCPU.ActiveCfg = Debug|Any CPU
		{D7DDA306-C6C6-45AE-A5AC-D049F2289748}.Distribution|Windows-ARM.ActiveCfg = Debug|Any CPU
		{D7DDA306-C6C6-45AE-A5AC-D049F2289748}.Distribution|Windows-x64.ActiveCfg = Debug|Any CPU
		{D7DDA306-C6C6-45AE-A5AC-D049F2289748}.Distribution|Windows-x86.ActiveCfg = Debug|Any CPU
		{D7DDA306-C6C6-45AE-A5AC-D049F2289748}.Release|Android.ActiveCfg = Debug|Any CPU
		{D7DDA306-C6C6-45AE-A5AC-D049F2289748}.Release|Any CPU.ActiveCfg = Debug|Any CPU
		{D7DDA306-C6C6-45AE-A5AC-D049F2289748}.Release|Any CPU.Build.0 = Debug|Any CPU
		{D7DDA306-C6C6-45AE-A5AC-D049F2289748}.Release|iOS.ActiveCfg = Debug|Any CPU
		{D7DDA306-C6C6-45AE-A5AC-D049F2289748}.Release|Mixed Platforms.ActiveCfg = Debug|Any CPU
		{D7DDA306-C6C6-45AE-A5AC-D049F2289748}.Release|Mixed Platforms.Build.0 = Debug|Any CPU
		{D7DDA306-C6C6-45AE-A5AC-D049F2289748}.Release|Windows Phone (Universal).ActiveCfg = Debug|Any CPU
		{D7DDA306-C6C6-45AE-A5AC-D049F2289748}.Release|Windows Phone 8.ActiveCfg = Debug|Any CPU
		{D7DDA306-C6C6-45AE-A5AC-D049F2289748}.Release|Windows-AnyCPU.ActiveCfg = Debug|Any CPU
		{D7DDA306-C6C6-45AE-A5AC-D049F2289748}.Release|Windows-ARM.ActiveCfg = Debug|Any CPU
		{D7DDA306-C6C6-45AE-A5AC-D049F2289748}.Release|Windows-x64.ActiveCfg = Debug|Any CPU
		{D7DDA306-C6C6-45AE-A5AC-D049F2289748}.Release|Windows-x86.ActiveCfg = Debug|Any CPU
		{37616D75-9FFB-4407-970F-AA2E1FEA2DBA}.Debug|Android.ActiveCfg = Debug|Any CPU
		{37616D75-9FFB-4407-970F-AA2E1FEA2DBA}.Debug|Any CPU.ActiveCfg = Debug|Any CPU
		{37616D75-9FFB-4407-970F-AA2E1FEA2DBA}.Debug|Any CPU.Build.0 = Debug|Any CPU
		{37616D75-9FFB-4407-970F-AA2E1FEA2DBA}.Debug|iOS.ActiveCfg = Debug|Any CPU
		{37616D75-9FFB-4407-970F-AA2E1FEA2DBA}.Debug|Mixed Platforms.ActiveCfg = Debug|Any CPU
		{37616D75-9FFB-4407-970F-AA2E1FEA2DBA}.Debug|Mixed Platforms.Build.0 = Debug|Any CPU
		{37616D75-9FFB-4407-970F-AA2E1FEA2DBA}.Debug|Windows Phone (Universal).ActiveCfg = Debug|Any CPU
		{37616D75-9FFB-4407-970F-AA2E1FEA2DBA}.Debug|Windows Phone 8.ActiveCfg = Debug|Any CPU
		{37616D75-9FFB-4407-970F-AA2E1FEA2DBA}.Debug|Windows-AnyCPU.ActiveCfg = Debug|Any CPU
		{37616D75-9FFB-4407-970F-AA2E1FEA2DBA}.Debug|Windows-ARM.ActiveCfg = Debug|Any CPU
		{37616D75-9FFB-4407-970F-AA2E1FEA2DBA}.Debug|Windows-x64.ActiveCfg = Debug|Any CPU
		{37616D75-9FFB-4407-970F-AA2E1FEA2DBA}.Debug|Windows-x86.ActiveCfg = Debug|Any CPU
		{37616D75-9FFB-4407-970F-AA2E1FEA2DBA}.Distribution|Android.ActiveCfg = Debug|Any CPU
		{37616D75-9FFB-4407-970F-AA2E1FEA2DBA}.Distribution|Any CPU.ActiveCfg = Debug|Any CPU
		{37616D75-9FFB-4407-970F-AA2E1FEA2DBA}.Distribution|Any CPU.Build.0 = Debug|Any CPU
		{37616D75-9FFB-4407-970F-AA2E1FEA2DBA}.Distribution|iOS.ActiveCfg = Debug|Any CPU
		{37616D75-9FFB-4407-970F-AA2E1FEA2DBA}.Distribution|Mixed Platforms.ActiveCfg = Debug|Any CPU
		{37616D75-9FFB-4407-970F-AA2E1FEA2DBA}.Distribution|Mixed Platforms.Build.0 = Debug|Any CPU
		{37616D75-9FFB-4407-970F-AA2E1FEA2DBA}.Distribution|Windows Phone (Universal).ActiveCfg = Debug|Any CPU
		{37616D75-9FFB-4407-970F-AA2E1FEA2DBA}.Distribution|Windows Phone 8.ActiveCfg = Debug|Any CPU
		{37616D75-9FFB-4407-970F-AA2E1FEA2DBA}.Distribution|Windows-AnyCPU.ActiveCfg = Debug|Any CPU
		{37616D75-9FFB-4407-970F-AA2E1FEA2DBA}.Distribution|Windows-ARM.ActiveCfg = Debug|Any CPU
		{37616D75-9FFB-4407-970F-AA2E1FEA2DBA}.Distribution|Windows-x64.ActiveCfg = Debug|Any CPU
		{37616D75-9FFB-4407-970F-AA2E1FEA2DBA}.Distribution|Windows-x86.ActiveCfg = Debug|Any CPU
		{37616D75-9FFB-4407-970F-AA2E1FEA2DBA}.Release|Android.ActiveCfg = Release|Any CPU
		{37616D75-9FFB-4407-970F-AA2E1FEA2DBA}.Release|Any CPU.ActiveCfg = Release|Any CPU
		{37616D75-9FFB-4407-970F-AA2E1FEA2DBA}.Release|Any CPU.Build.0 = Release|Any CPU
		{37616D75-9FFB-4407-970F-AA2E1FEA2DBA}.Release|iOS.ActiveCfg = Release|Any CPU
		{37616D75-9FFB-4407-970F-AA2E1FEA2DBA}.Release|Mixed Platforms.ActiveCfg = Release|Any CPU
		{37616D75-9FFB-4407-970F-AA2E1FEA2DBA}.Release|Mixed Platforms.Build.0 = Release|Any CPU
		{37616D75-9FFB-4407-970F-AA2E1FEA2DBA}.Release|Windows Phone (Universal).ActiveCfg = Release|Any CPU
		{37616D75-9FFB-4407-970F-AA2E1FEA2DBA}.Release|Windows Phone 8.ActiveCfg = Release|Any CPU
		{37616D75-9FFB-4407-970F-AA2E1FEA2DBA}.Release|Windows-AnyCPU.ActiveCfg = Release|Any CPU
		{37616D75-9FFB-4407-970F-AA2E1FEA2DBA}.Release|Windows-ARM.ActiveCfg = Release|Any CPU
		{37616D75-9FFB-4407-970F-AA2E1FEA2DBA}.Release|Windows-x64.ActiveCfg = Release|Any CPU
		{37616D75-9FFB-4407-970F-AA2E1FEA2DBA}.Release|Windows-x86.ActiveCfg = Release|Any CPU
		{D4306204-F315-44BE-96C9-CBF7A0109E42}.Debug|Android.ActiveCfg = Debug|Any CPU
		{D4306204-F315-44BE-96C9-CBF7A0109E42}.Debug|Any CPU.ActiveCfg = Debug|Any CPU
		{D4306204-F315-44BE-96C9-CBF7A0109E42}.Debug|Any CPU.Build.0 = Debug|Any CPU
		{D4306204-F315-44BE-96C9-CBF7A0109E42}.Debug|iOS.ActiveCfg = Debug|Any CPU
		{D4306204-F315-44BE-96C9-CBF7A0109E42}.Debug|Mixed Platforms.ActiveCfg = Debug|Any CPU
		{D4306204-F315-44BE-96C9-CBF7A0109E42}.Debug|Mixed Platforms.Build.0 = Debug|Any CPU
		{D4306204-F315-44BE-96C9-CBF7A0109E42}.Debug|Windows Phone (Universal).ActiveCfg = Debug|Any CPU
		{D4306204-F315-44BE-96C9-CBF7A0109E42}.Debug|Windows Phone 8.ActiveCfg = Debug|Any CPU
		{D4306204-F315-44BE-96C9-CBF7A0109E42}.Debug|Windows-AnyCPU.ActiveCfg = Debug|Any CPU
		{D4306204-F315-44BE-96C9-CBF7A0109E42}.Debug|Windows-ARM.ActiveCfg = Debug|Any CPU
		{D4306204-F315-44BE-96C9-CBF7A0109E42}.Debug|Windows-x64.ActiveCfg = Debug|Any CPU
		{D4306204-F315-44BE-96C9-CBF7A0109E42}.Debug|Windows-x86.ActiveCfg = Debug|Any CPU
		{D4306204-F315-44BE-96C9-CBF7A0109E42}.Distribution|Android.ActiveCfg = Debug|Any CPU
		{D4306204-F315-44BE-96C9-CBF7A0109E42}.Distribution|Any CPU.ActiveCfg = Debug|Any CPU
		{D4306204-F315-44BE-96C9-CBF7A0109E42}.Distribution|Any CPU.Build.0 = Debug|Any CPU
		{D4306204-F315-44BE-96C9-CBF7A0109E42}.Distribution|iOS.ActiveCfg = Debug|Any CPU
		{D4306204-F315-44BE-96C9-CBF7A0109E42}.Distribution|Mixed Platforms.ActiveCfg = Debug|Any CPU
		{D4306204-F315-44BE-96C9-CBF7A0109E42}.Distribution|Mixed Platforms.Build.0 = Debug|Any CPU
		{D4306204-F315-44BE-96C9-CBF7A0109E42}.Distribution|Windows Phone (Universal).ActiveCfg = Debug|Any CPU
		{D4306204-F315-44BE-96C9-CBF7A0109E42}.Distribution|Windows Phone 8.ActiveCfg = Debug|Any CPU
		{D4306204-F315-44BE-96C9-CBF7A0109E42}.Distribution|Windows-AnyCPU.ActiveCfg = Debug|Any CPU
		{D4306204-F315-44BE-96C9-CBF7A0109E42}.Distribution|Windows-ARM.ActiveCfg = Debug|Any CPU
		{D4306204-F315-44BE-96C9-CBF7A0109E42}.Distribution|Windows-x64.ActiveCfg = Debug|Any CPU
		{D4306204-F315-44BE-96C9-CBF7A0109E42}.Distribution|Windows-x86.ActiveCfg = Debug|Any CPU
		{D4306204-F315-44BE-96C9-CBF7A0109E42}.Release|Android.ActiveCfg = Release|Any CPU
		{D4306204-F315-44BE-96C9-CBF7A0109E42}.Release|Any CPU.ActiveCfg = Release|Any CPU
		{D4306204-F315-44BE-96C9-CBF7A0109E42}.Release|Any CPU.Build.0 = Release|Any CPU
		{D4306204-F315-44BE-96C9-CBF7A0109E42}.Release|iOS.ActiveCfg = Release|Any CPU
		{D4306204-F315-44BE-96C9-CBF7A0109E42}.Release|Mixed Platforms.ActiveCfg = Release|Any CPU
		{D4306204-F315-44BE-96C9-CBF7A0109E42}.Release|Mixed Platforms.Build.0 = Release|Any CPU
		{D4306204-F315-44BE-96C9-CBF7A0109E42}.Release|Windows Phone (Universal).ActiveCfg = Release|Any CPU
		{D4306204-F315-44BE-96C9-CBF7A0109E42}.Release|Windows Phone 8.ActiveCfg = Release|Any CPU
		{D4306204-F315-44BE-96C9-CBF7A0109E42}.Release|Windows-AnyCPU.ActiveCfg = Release|Any CPU
		{D4306204-F315-44BE-96C9-CBF7A0109E42}.Release|Windows-ARM.ActiveCfg = Release|Any CPU
		{D4306204-F315-44BE-96C9-CBF7A0109E42}.Release|Windows-x64.ActiveCfg = Release|Any CPU
		{D4306204-F315-44BE-96C9-CBF7A0109E42}.Release|Windows-x86.ActiveCfg = Release|Any CPU
		{1A0EE385-F586-4CFC-8420-50A63A1987CE}.Debug|Android.ActiveCfg = Debug|Any CPU
		{1A0EE385-F586-4CFC-8420-50A63A1987CE}.Debug|Any CPU.ActiveCfg = Debug|Any CPU
		{1A0EE385-F586-4CFC-8420-50A63A1987CE}.Debug|Any CPU.Build.0 = Debug|Any CPU
		{1A0EE385-F586-4CFC-8420-50A63A1987CE}.Debug|iOS.ActiveCfg = Debug|Any CPU
		{1A0EE385-F586-4CFC-8420-50A63A1987CE}.Debug|Mixed Platforms.ActiveCfg = Debug|Any CPU
		{1A0EE385-F586-4CFC-8420-50A63A1987CE}.Debug|Mixed Platforms.Build.0 = Debug|Any CPU
		{1A0EE385-F586-4CFC-8420-50A63A1987CE}.Debug|Windows Phone (Universal).ActiveCfg = Debug|Any CPU
		{1A0EE385-F586-4CFC-8420-50A63A1987CE}.Debug|Windows Phone 8.ActiveCfg = Debug|Any CPU
		{1A0EE385-F586-4CFC-8420-50A63A1987CE}.Debug|Windows-AnyCPU.ActiveCfg = Debug|Any CPU
		{1A0EE385-F586-4CFC-8420-50A63A1987CE}.Debug|Windows-ARM.ActiveCfg = Debug|Any CPU
		{1A0EE385-F586-4CFC-8420-50A63A1987CE}.Debug|Windows-x64.ActiveCfg = Debug|Any CPU
		{1A0EE385-F586-4CFC-8420-50A63A1987CE}.Debug|Windows-x86.ActiveCfg = Debug|Any CPU
		{1A0EE385-F586-4CFC-8420-50A63A1987CE}.Distribution|Android.ActiveCfg = Debug|Any CPU
		{1A0EE385-F586-4CFC-8420-50A63A1987CE}.Distribution|Any CPU.ActiveCfg = Debug|Any CPU
		{1A0EE385-F586-4CFC-8420-50A63A1987CE}.Distribution|Any CPU.Build.0 = Debug|Any CPU
		{1A0EE385-F586-4CFC-8420-50A63A1987CE}.Distribution|iOS.ActiveCfg = Debug|Any CPU
		{1A0EE385-F586-4CFC-8420-50A63A1987CE}.Distribution|Mixed Platforms.ActiveCfg = Debug|Any CPU
		{1A0EE385-F586-4CFC-8420-50A63A1987CE}.Distribution|Mixed Platforms.Build.0 = Debug|Any CPU
		{1A0EE385-F586-4CFC-8420-50A63A1987CE}.Distribution|Windows Phone (Universal).ActiveCfg = Debug|Any CPU
		{1A0EE385-F586-4CFC-8420-50A63A1987CE}.Distribution|Windows Phone 8.ActiveCfg = Debug|Any CPU
		{1A0EE385-F586-4CFC-8420-50A63A1987CE}.Distribution|Windows-AnyCPU.ActiveCfg = Debug|Any CPU
		{1A0EE385-F586-4CFC-8420-50A63A1987CE}.Distribution|Windows-ARM.ActiveCfg = Debug|Any CPU
		{1A0EE385-F586-4CFC-8420-50A63A1987CE}.Distribution|Windows-x64.ActiveCfg = Debug|Any CPU
		{1A0EE385-F586-4CFC-8420-50A63A1987CE}.Distribution|Windows-x86.ActiveCfg = Debug|Any CPU
		{1A0EE385-F586-4CFC-8420-50A63A1987CE}.Release|Android.ActiveCfg = Release|Any CPU
		{1A0EE385-F586-4CFC-8420-50A63A1987CE}.Release|Any CPU.ActiveCfg = Release|Any CPU
		{1A0EE385-F586-4CFC-8420-50A63A1987CE}.Release|Any CPU.Build.0 = Release|Any CPU
		{1A0EE385-F586-4CFC-8420-50A63A1987CE}.Release|iOS.ActiveCfg = Release|Any CPU
		{1A0EE385-F586-4CFC-8420-50A63A1987CE}.Release|Mixed Platforms.ActiveCfg = Release|Any CPU
		{1A0EE385-F586-4CFC-8420-50A63A1987CE}.Release|Mixed Platforms.Build.0 = Release|Any CPU
		{1A0EE385-F586-4CFC-8420-50A63A1987CE}.Release|Windows Phone (Universal).ActiveCfg = Release|Any CPU
		{1A0EE385-F586-4CFC-8420-50A63A1987CE}.Release|Windows Phone 8.ActiveCfg = Release|Any CPU
		{1A0EE385-F586-4CFC-8420-50A63A1987CE}.Release|Windows-AnyCPU.ActiveCfg = Release|Any CPU
		{1A0EE385-F586-4CFC-8420-50A63A1987CE}.Release|Windows-ARM.ActiveCfg = Release|Any CPU
		{1A0EE385-F586-4CFC-8420-50A63A1987CE}.Release|Windows-x64.ActiveCfg = Release|Any CPU
		{1A0EE385-F586-4CFC-8420-50A63A1987CE}.Release|Windows-x86.ActiveCfg = Release|Any CPU
		{8B1B8116-94BB-47AA-8B9C-D9405E3BA80F}.Debug|Android.ActiveCfg = Debug|Any CPU
		{8B1B8116-94BB-47AA-8B9C-D9405E3BA80F}.Debug|Any CPU.ActiveCfg = Debug|Any CPU
		{8B1B8116-94BB-47AA-8B9C-D9405E3BA80F}.Debug|Any CPU.Build.0 = Debug|Any CPU
		{8B1B8116-94BB-47AA-8B9C-D9405E3BA80F}.Debug|iOS.ActiveCfg = Debug|Any CPU
		{8B1B8116-94BB-47AA-8B9C-D9405E3BA80F}.Debug|Mixed Platforms.ActiveCfg = Debug|Any CPU
		{8B1B8116-94BB-47AA-8B9C-D9405E3BA80F}.Debug|Mixed Platforms.Build.0 = Debug|Any CPU
		{8B1B8116-94BB-47AA-8B9C-D9405E3BA80F}.Debug|Windows Phone (Universal).ActiveCfg = Debug|Any CPU
		{8B1B8116-94BB-47AA-8B9C-D9405E3BA80F}.Debug|Windows Phone 8.ActiveCfg = Debug|Any CPU
		{8B1B8116-94BB-47AA-8B9C-D9405E3BA80F}.Debug|Windows-AnyCPU.ActiveCfg = Debug|Any CPU
		{8B1B8116-94BB-47AA-8B9C-D9405E3BA80F}.Debug|Windows-ARM.ActiveCfg = Debug|Any CPU
		{8B1B8116-94BB-47AA-8B9C-D9405E3BA80F}.Debug|Windows-x64.ActiveCfg = Debug|Any CPU
		{8B1B8116-94BB-47AA-8B9C-D9405E3BA80F}.Debug|Windows-x86.ActiveCfg = Debug|Any CPU
		{8B1B8116-94BB-47AA-8B9C-D9405E3BA80F}.Distribution|Android.ActiveCfg = Debug|Any CPU
		{8B1B8116-94BB-47AA-8B9C-D9405E3BA80F}.Distribution|Any CPU.ActiveCfg = Debug|Any CPU
		{8B1B8116-94BB-47AA-8B9C-D9405E3BA80F}.Distribution|Any CPU.Build.0 = Debug|Any CPU
		{8B1B8116-94BB-47AA-8B9C-D9405E3BA80F}.Distribution|iOS.ActiveCfg = Debug|Any CPU
		{8B1B8116-94BB-47AA-8B9C-D9405E3BA80F}.Distribution|Mixed Platforms.ActiveCfg = Debug|Any CPU
		{8B1B8116-94BB-47AA-8B9C-D9405E3BA80F}.Distribution|Mixed Platforms.Build.0 = Debug|Any CPU
		{8B1B8116-94BB-47AA-8B9C-D9405E3BA80F}.Distribution|Windows Phone (Universal).ActiveCfg = Debug|Any CPU
		{8B1B8116-94BB-47AA-8B9C-D9405E3BA80F}.Distribution|Windows Phone 8.ActiveCfg = Debug|Any CPU
		{8B1B8116-94BB-47AA-8B9C-D9405E3BA80F}.Distribution|Windows-AnyCPU.ActiveCfg = Debug|Any CPU
		{8B1B8116-94BB-47AA-8B9C-D9405E3BA80F}.Distribution|Windows-ARM.ActiveCfg = Debug|Any CPU
		{8B1B8116-94BB-47AA-8B9C-D9405E3BA80F}.Distribution|Windows-x64.ActiveCfg = Debug|Any CPU
		{8B1B8116-94BB-47AA-8B9C-D9405E3BA80F}.Distribution|Windows-x86.ActiveCfg = Debug|Any CPU
		{8B1B8116-94BB-47AA-8B9C-D9405E3BA80F}.Release|Android.ActiveCfg = Release|Any CPU
		{8B1B8116-94BB-47AA-8B9C-D9405E3BA80F}.Release|Any CPU.ActiveCfg = Release|Any CPU
		{8B1B8116-94BB-47AA-8B9C-D9405E3BA80F}.Release|Any CPU.Build.0 = Release|Any CPU
		{8B1B8116-94BB-47AA-8B9C-D9405E3BA80F}.Release|iOS.ActiveCfg = Release|Any CPU
		{8B1B8116-94BB-47AA-8B9C-D9405E3BA80F}.Release|Mixed Platforms.ActiveCfg = Release|Any CPU
		{8B1B8116-94BB-47AA-8B9C-D9405E3BA80F}.Release|Mixed Platforms.Build.0 = Release|Any CPU
		{8B1B8116-94BB-47AA-8B9C-D9405E3BA80F}.Release|Windows Phone (Universal).ActiveCfg = Release|Any CPU
		{8B1B8116-94BB-47AA-8B9C-D9405E3BA80F}.Release|Windows Phone 8.ActiveCfg = Release|Any CPU
		{8B1B8116-94BB-47AA-8B9C-D9405E3BA80F}.Release|Windows-AnyCPU.ActiveCfg = Release|Any CPU
		{8B1B8116-94BB-47AA-8B9C-D9405E3BA80F}.Release|Windows-ARM.ActiveCfg = Release|Any CPU
		{8B1B8116-94BB-47AA-8B9C-D9405E3BA80F}.Release|Windows-x64.ActiveCfg = Release|Any CPU
		{8B1B8116-94BB-47AA-8B9C-D9405E3BA80F}.Release|Windows-x86.ActiveCfg = Release|Any CPU
	EndGlobalSection
	GlobalSection(SolutionProperties) = preSolution
		HideSolutionNode = FALSE
	EndGlobalSection
	GlobalSection(NestedProjects) = preSolution
		{1EA10A93-93FF-4D56-99AD-3578597D7DAA} = {80F7CB6A-4325-48ED-89FA-B2F5D0A26E9F}
		{6B8D8E6D-0436-4B85-812C-BCAA36F5F406} = {5D2D9835-E49B-46D9-956F-85C730AFF30D}
		{EE112FA5-C512-4D38-A85B-FAE844DE1F11} = {5D2D9835-E49B-46D9-956F-85C730AFF30D}
		{5A4DAB60-1EA6-4D54-A58C-A53DC57361C9} = {6B8D8E6D-0436-4B85-812C-BCAA36F5F406}
		{EBCDEA6B-25F2-4298-9D67-7D26FEF5D189} = {EE112FA5-C512-4D38-A85B-FAE844DE1F11}
		{6AD03EDE-492C-4D5C-9A16-7236FD5B102A} = {66E1F205-FEF3-4ED7-87E2-2ECF73D6D70F}
		{02D3A07A-F7F7-4D84-8ECE-55A90A7934C2} = {EE112FA5-C512-4D38-A85B-FAE844DE1F11}
		{39748F14-B1E6-4D9A-B64E-CAB1AE276204} = {5B2BD36B-E749-44B0-8528-70A338A9AC8A}
		{275651CF-342F-480C-AF64-29D31060B8F2} = {865911D8-8704-439C-97B1-E7120CE6B9C9}
		{D7DDA306-C6C6-45AE-A5AC-D049F2289748} = {5B2BD36B-E749-44B0-8528-70A338A9AC8A}
		{37616D75-9FFB-4407-970F-AA2E1FEA2DBA} = {EE112FA5-C512-4D38-A85B-FAE844DE1F11}
		{D4306204-F315-44BE-96C9-CBF7A0109E42} = {EE112FA5-C512-4D38-A85B-FAE844DE1F11}
		{1A0EE385-F586-4CFC-8420-50A63A1987CE} = {80F7CB6A-4325-48ED-89FA-B2F5D0A26E9F}
		{8B1B8116-94BB-47AA-8B9C-D9405E3BA80F} = {EE112FA5-C512-4D38-A85B-FAE844DE1F11}
	EndGlobalSection
EndGlobal
